
Microsoft Visual Studio Solution File, Format Version 12.00
Project("{2150E333-8FDC-42A3-9474-1A3956D46DE8}") = "src", "src", "{15105D14-B296-49A1-938D-99D94F2F0F2B}"
EndProject
Project("{2150E333-8FDC-42A3-9474-1A3956D46DE8}") = "tests", "tests", "{9892DFBD-DDF1-4F61-8B55-D25CBDD565FE}"
EndProject
Project("{FAE04EC0-301F-11D3-BF4B-00C04F79EFBC}") = "TransactionService.Api", "TransactionService.Api\TransactionService.Api.csproj", "{B8932268-B3B9-46B3-9C66-B2C5D1099885}"
EndProject
Project("{FAE04EC0-301F-11D3-BF4B-00C04F79EFBC}") = "TransactionService.Domain", "TransactionService.Domain\TransactionService.Domain.csproj", "{EA70AF50-E395-42DC-A753-4669F1A35775}"
EndProject
Project("{FAE04EC0-301F-11D3-BF4B-00C04F79EFBC}") = "TransactionService.Application", "TransactionService.Application\TransactionService.Application.csproj", "{ECB309D0-5A1D-4238-BD9B-7281E2EA5030}"
EndProject
Project("{FAE04EC0-301F-11D3-BF4B-00C04F79EFBC}") = "TransactionService.Infrastructure", "TransactionService.Infrastructure\TransactionService.Infrastructure.csproj", "{C1C01BEE-5BC7-4822-8A1F-9535DE9EED0B}"
EndProject
Global
	GlobalSection(SolutionConfigurationPlatforms) = preSolution
		Debug|Any CPU = Debug|Any CPU
		Release|Any CPU = Release|Any CPU
	EndGlobalSection
	GlobalSection(NestedProjects) = preSolution
		{B8932268-B3B9-46B3-9C66-B2C5D1099885} = {15105D14-B296-49A1-938D-99D94F2F0F2B}
		{EA70AF50-E395-42DC-A753-4669F1A35775} = {15105D14-B296-49A1-938D-99D94F2F0F2B}
		{ECB309D0-5A1D-4238-BD9B-7281E2EA5030} = {15105D14-B296-49A1-938D-99D94F2F0F2B}
		{C1C01BEE-5BC7-4822-8A1F-9535DE9EED0B} = {15105D14-B296-49A1-938D-99D94F2F0F2B}
	EndGlobalSection
	GlobalSection(ProjectConfigurationPlatforms) = postSolution
		{B8932268-B3B9-46B3-9C66-B2C5D1099885}.Debug|Any CPU.ActiveCfg = Debug|Any CPU
		{B8932268-B3B9-46B3-9C66-B2C5D1099885}.Debug|Any CPU.Build.0 = Debug|Any CPU
		{B8932268-B3B9-46B3-9C66-B2C5D1099885}.Release|Any CPU.ActiveCfg = Release|Any CPU
		{B8932268-B3B9-46B3-9C66-B2C5D1099885}.Release|Any CPU.Build.0 = Release|Any CPU
		{EA70AF50-E395-42DC-A753-4669F1A35775}.Debug|Any CPU.ActiveCfg = Debug|Any CPU
		{EA70AF50-E395-42DC-A753-4669F1A35775}.Debug|Any CPU.Build.0 = Debug|Any CPU
		{EA70AF50-E395-42DC-A753-4669F1A35775}.Release|Any CPU.ActiveCfg = Release|Any CPU
		{EA70AF50-E395-42DC-A753-4669F1A35775}.Release|Any CPU.Build.0 = Release|Any CPU
		{ECB309D0-5A1D-4238-BD9B-7281E2EA5030}.Debug|Any CPU.ActiveCfg = Debug|Any CPU
		{ECB309D0-5A1D-4238-BD9B-7281E2EA5030}.Debug|Any CPU.Build.0 = Debug|Any CPU
		{ECB309D0-5A1D-4238-BD9B-7281E2EA5030}.Release|Any CPU.ActiveCfg = Release|Any CPU
		{ECB309D0-5A1D-4238-BD9B-7281E2EA5030}.Release|Any CPU.Build.0 = Release|Any CPU
		{C1C01BEE-5BC7-4822-8A1F-9535DE9EED0B}.Debug|Any CPU.ActiveCfg = Debug|Any CPU
		{C1C01BEE-5BC7-4822-8A1F-9535DE9EED0B}.Debug|Any CPU.Build.0 = Debug|Any CPU
		{C1C01BEE-5BC7-4822-8A1F-9535DE9EED0B}.Release|Any CPU.ActiveCfg = Release|Any CPU
		{C1C01BEE-5BC7-4822-8A1F-9535DE9EED0B}.Release|Any CPU.Build.0 = Release|Any CPU
	EndGlobalSection
EndGlobal
